
Microsoft Visual Studio Solution File, Format Version 12.00
# Visual Studio Version 17
VisualStudioVersion = 17.0.31611.283
MinimumVisualStudioVersion = 10.0.40219.1
Project("{9A19103F-16F7-4668-BE54-9A1E7A4F7556}") = "Lounge", "Lounge\Lounge.csproj", "{6163E7BC-AD50-491F-8E7D-8977FF021543}"
EndProject
Project("{FAE04EC0-301F-11D3-BF4B-00C04F79EFBC}") = "Lounge.Domain", "Lounge.Domain\Lounge.Domain.csproj", "{3A5E1990-AAEC-46DE-866C-EA7A12F108E8}"
EndProject
Project("{FAE04EC0-301F-11D3-BF4B-00C04F79EFBC}") = "Lounge.Common", "Lounge.Common\Lounge.Common.csproj", "{72B35467-6662-47B6-B413-503F93FA68D9}"
EndProject
Project("{FAE04EC0-301F-11D3-BF4B-00C04F79EFBC}") = "Lounge.Domain.Configuration", "Lounge.Domain.Configuration\Lounge.Domain.Configuration.csproj", "{47ED1B23-AE05-42CF-9811-151FAAD561C8}"
EndProject
Global
	GlobalSection(SolutionConfigurationPlatforms) = preSolution
		Debug|Any CPU = Debug|Any CPU
		Release|Any CPU = Release|Any CPU
	EndGlobalSection
	GlobalSection(ProjectConfigurationPlatforms) = postSolution
		{6163E7BC-AD50-491F-8E7D-8977FF021543}.Debug|Any CPU.ActiveCfg = Debug|Any CPU
		{6163E7BC-AD50-491F-8E7D-8977FF021543}.Debug|Any CPU.Build.0 = Debug|Any CPU
		{6163E7BC-AD50-491F-8E7D-8977FF021543}.Debug|Any CPU.Deploy.0 = Debug|Any CPU
		{6163E7BC-AD50-491F-8E7D-8977FF021543}.Release|Any CPU.ActiveCfg = Release|Any CPU
		{6163E7BC-AD50-491F-8E7D-8977FF021543}.Release|Any CPU.Build.0 = Release|Any CPU
		{6163E7BC-AD50-491F-8E7D-8977FF021543}.Release|Any CPU.Deploy.0 = Release|Any CPU
		{3A5E1990-AAEC-46DE-866C-EA7A12F108E8}.Debug|Any CPU.ActiveCfg = Debug|Any CPU
		{3A5E1990-AAEC-46DE-866C-EA7A12F108E8}.Debug|Any CPU.Build.0 = Debug|Any CPU
		{3A5E1990-AAEC-46DE-866C-EA7A12F108E8}.Release|Any CPU.ActiveCfg = Release|Any CPU
		{3A5E1990-AAEC-46DE-866C-EA7A12F108E8}.Release|Any CPU.Build.0 = Release|Any CPU
		{72B35467-6662-47B6-B413-503F93FA68D9}.Debug|Any CPU.ActiveCfg = Debug|Any CPU
		{72B35467-6662-47B6-B413-503F93FA68D9}.Debug|Any CPU.Build.0 = Debug|Any CPU
		{72B35467-6662-47B6-B413-503F93FA68D9}.Release|Any CPU.ActiveCfg = Release|Any CPU
		{72B35467-6662-47B6-B413-503F93FA68D9}.Release|Any CPU.Build.0 = Release|Any CPU
		{47ED1B23-AE05-42CF-9811-151FAAD561C8}.Debug|Any CPU.ActiveCfg = Debug|Any CPU
		{47ED1B23-AE05-42CF-9811-151FAAD561C8}.Debug|Any CPU.Build.0 = Debug|Any CPU
		{47ED1B23-AE05-42CF-9811-151FAAD561C8}.Release|Any CPU.ActiveCfg = Release|Any CPU
		{47ED1B23-AE05-42CF-9811-151FAAD561C8}.Release|Any CPU.Build.0 = Release|Any CPU
	EndGlobalSection
	GlobalSection(SolutionProperties) = preSolution
		HideSolutionNode = FALSE
	EndGlobalSection
	GlobalSection(ExtensibilityGlobals) = postSolution
		SolutionGuid = {61F7FB11-1E47-470C-91E2-47F8143E1572}
	EndGlobalSection
EndGlobal
